{
  "originHash" : "18103453674aa24bf99c8903acea35ae61ed221adc4b1554ab6369d74f5f20cb",
  "pins" : [
    {
      "identity" : "wwswiftui_multidatepicker",
      "kind" : "remoteSourceControl",
      "location" : "https://github.com/William-Weng/WWSwiftUI_MultiDatePicker",
      "state" : {
        "revision" : "db95e9a9bea43ec7ed6d308e950fe3f29790c7b3",
        "version" : "1.2.1"
      }
    }
  ],
  "version" : 3
}
