{
  "originHash" : "18103453674aa24bf99c8903acea35ae61ed221adc4b1554ab6369d74f5f20cb",
  "pins" : [
    {
      "identity" : "wwswiftui_multidatepicker",
      "kind" : "remoteSourceControl",
      "location" : "https://github.com/William-Weng/WWSwiftUI_MultiDatePicker",
      "state" : {
        "revision" : "46d5189afa04d88fe822e99a95a9b35caf722e53",
        "version" : "1.2.0"
      }
    }
  ],
  "version" : 3
}
